// !$*UTF8*$!
{
	archiveVersion = 1;
	classes = {
	};
	objectVersion = 50;
	objects = {

/* Begin PBXBuildFile section */
		44AA8B542525FCDC009E9F9F /* SwiftUIWeatherApp.swift in Sources */ = {isa = PBXBuildFile; fileRef = 44AA8B532525FCDC009E9F9F /* SwiftUIWeatherApp.swift */; };
		44AA8B562525FCDC009E9F9F /* ContentView.swift in Sources */ = {isa = PBXBuildFile; fileRef = 44AA8B552525FCDC009E9F9F /* ContentView.swift */; };
		44AA8B582525FCDD009E9F9F /* Assets.xcassets in Resources */ = {isa = PBXBuildFile; fileRef = 44AA8B572525FCDD009E9F9F /* Assets.xcassets */; };
		44AA8B5B2525FCDD009E9F9F /* Preview Assets.xcassets in Resources */ = {isa = PBXBuildFile; fileRef = 44AA8B5A2525FCDD009E9F9F /* Preview Assets.xcassets */; };
		44AA8B662525FCDD009E9F9F /* SwiftUIWeatherTests.swift in Sources */ = {isa = PBXBuildFile; fileRef = 44AA8B652525FCDD009E9F9F /* SwiftUIWeatherTests.swift */; };
		44AA8B712525FCDD009E9F9F /* SwiftUIWeatherUITests.swift in Sources */ = {isa = PBXBuildFile; fileRef = 44AA8B702525FCDD009E9F9F /* SwiftUIWeatherUITests.swift */; };
		44AA8B832525FE0F009E9F9F /* Weather.swift in Sources */ = {isa = PBXBuildFile; fileRef = 44AA8B822525FE0F009E9F9F /* Weather.swift */; };
		44AA8B8B2525FE4D009E9F9F /* WeatherResponse.swift in Sources */ = {isa = PBXBuildFile; fileRef = 44AA8B8A2525FE4D009E9F9F /* WeatherResponse.swift */; };
		44AA8B912525FE82009E9F9F /* WeatherService.swift in Sources */ = {isa = PBXBuildFile; fileRef = 44AA8B902525FE81009E9F9F /* WeatherService.swift */; };
		44AA8B9A25260066009E9F9F /* WeatherViewModel.swift in Sources */ = {isa = PBXBuildFile; fileRef = 44AA8B9925260066009E9F9F /* WeatherViewModel.swift */; };
		44AA8BAB2526082F009E9F9F /* WebServiceConstants.swift in Sources */ = {isa = PBXBuildFile; fileRef = 44AA8BAA2526082F009E9F9F /* WebServiceConstants.swift */; };
		44AA8BB02526086D009E9F9F /* APIKeys.swift in Sources */ = {isa = PBXBuildFile; fileRef = 44AA8BAF2526086D009E9F9F /* APIKeys.swift */; };
/* End PBXBuildFile section */

/* Begin PBXContainerItemProxy section */
		44AA8B622525FCDD009E9F9F /* PBXContainerItemProxy */ = {
			isa = PBXContainerItemProxy;
			containerPortal = 44AA8B482525FCDC009E9F9F /* Project object */;
			proxyType = 1;
			remoteGlobalIDString = 44AA8B4F2525FCDC009E9F9F;
			remoteInfo = SwiftUIWeather;
		};
		44AA8B6D2525FCDD009E9F9F /* PBXContainerItemProxy */ = {
			isa = PBXContainerItemProxy;
			containerPortal = 44AA8B482525FCDC009E9F9F /* Project object */;
			proxyType = 1;
			remoteGlobalIDString = 44AA8B4F2525FCDC009E9F9F;
			remoteInfo = SwiftUIWeather;
		};
/* End PBXContainerItemProxy section */

/* Begin PBXFileReference section */
		44AA8B502525FCDC009E9F9F /* SwiftUIWeather.app */ = {isa = PBXFileReference; explicitFileType = wrapper.application; includeInIndex = 0; path = SwiftUIWeather.app; sourceTree = BUILT_PRODUCTS_DIR; };
		44AA8B532525FCDC009E9F9F /* SwiftUIWeatherApp.swift */ = {isa = PBXFileReference; lastKnownFileType = sourcecode.swift; path = SwiftUIWeatherApp.swift; sourceTree = "<group>"; };
		44AA8B552525FCDC009E9F9F /* ContentView.swift */ = {isa = PBXFileReference; lastKnownFileType = sourcecode.swift; path = ContentView.swift; sourceTree = "<group>"; };
		44AA8B572525FCDD009E9F9F /* Assets.xcassets */ = {isa = PBXFileReference; lastKnownFileType = folder.assetcatalog; path = Assets.xcassets; sourceTree = "<group>"; };
		44AA8B5A2525FCDD009E9F9F /* Preview Assets.xcassets */ = {isa = PBXFileReference; lastKnownFileType = folder.assetcatalog; path = "Preview Assets.xcassets"; sourceTree = "<group>"; };
		44AA8B5C2525FCDD009E9F9F /* Info.plist */ = {isa = PBXFileReference; lastKnownFileType = text.plist.xml; path = Info.plist; sourceTree = "<group>"; };
		44AA8B612525FCDD009E9F9F /* SwiftUIWeatherTests.xctest */ = {isa = PBXFileReference; explicitFileType = wrapper.cfbundle; includeInIndex = 0; path = SwiftUIWeatherTests.xctest; sourceTree = BUILT_PRODUCTS_DIR; };
		44AA8B652525FCDD009E9F9F /* SwiftUIWeatherTests.swift */ = {isa = PBXFileReference; lastKnownFileType = sourcecode.swift; path = SwiftUIWeatherTests.swift; sourceTree = "<group>"; };
		44AA8B672525FCDD009E9F9F /* Info.plist */ = {isa = PBXFileReference; lastKnownFileType = text.plist.xml; path = Info.plist; sourceTree = "<group>"; };
		44AA8B6C2525FCDD009E9F9F /* SwiftUIWeatherUITests.xctest */ = {isa = PBXFileReference; explicitFileType = wrapper.cfbundle; includeInIndex = 0; path = SwiftUIWeatherUITests.xctest; sourceTree = BUILT_PRODUCTS_DIR; };
		44AA8B702525FCDD009E9F9F /* SwiftUIWeatherUITests.swift */ = {isa = PBXFileReference; lastKnownFileType = sourcecode.swift; path = SwiftUIWeatherUITests.swift; sourceTree = "<group>"; };
		44AA8B722525FCDD009E9F9F /* Info.plist */ = {isa = PBXFileReference; lastKnownFileType = text.plist.xml; path = Info.plist; sourceTree = "<group>"; };
		44AA8B822525FE0F009E9F9F /* Weather.swift */ = {isa = PBXFileReference; lastKnownFileType = sourcecode.swift; path = Weather.swift; sourceTree = "<group>"; };
		44AA8B8A2525FE4D009E9F9F /* WeatherResponse.swift */ = {isa = PBXFileReference; lastKnownFileType = sourcecode.swift; path = WeatherResponse.swift; sourceTree = "<group>"; };
		44AA8B902525FE81009E9F9F /* WeatherService.swift */ = {isa = PBXFileReference; lastKnownFileType = sourcecode.swift; path = WeatherService.swift; sourceTree = "<group>"; };
		44AA8B9925260066009E9F9F /* WeatherViewModel.swift */ = {isa = PBXFileReference; lastKnownFileType = sourcecode.swift; path = WeatherViewModel.swift; sourceTree = "<group>"; };
		44AA8BAA2526082F009E9F9F /* WebServiceConstants.swift */ = {isa = PBXFileReference; lastKnownFileType = sourcecode.swift; path = WebServiceConstants.swift; sourceTree = "<group>"; };
		44AA8BAF2526086D009E9F9F /* APIKeys.swift */ = {isa = PBXFileReference; lastKnownFileType = sourcecode.swift; path = APIKeys.swift; sourceTree = "<group>"; };
/* End PBXFileReference section */

/* Begin PBXFrameworksBuildPhase section */
		44AA8B4D2525FCDC009E9F9F /* Frameworks */ = {
			isa = PBXFrameworksBuildPhase;
			buildActionMask = 2147483647;
			files = (
			);
			runOnlyForDeploymentPostprocessing = 0;
		};
		44AA8B5E2525FCDD009E9F9F /* Frameworks */ = {
			isa = PBXFrameworksBuildPhase;
			buildActionMask = 2147483647;
			files = (
			);
			runOnlyForDeploymentPostprocessing = 0;
		};
		44AA8B692525FCDD009E9F9F /* Frameworks */ = {
			isa = PBXFrameworksBuildPhase;
			buildActionMask = 2147483647;
			files = (
			);
			runOnlyForDeploymentPostprocessing = 0;
		};
/* End PBXFrameworksBuildPhase section */

/* Begin PBXGroup section */
		44AA8B472525FCDC009E9F9F = {
			isa = PBXGroup;
			children = (
				44AA8B522525FCDC009E9F9F /* SwiftUIWeather */,
				44AA8B642525FCDD009E9F9F /* SwiftUIWeatherTests */,
				44AA8B6F2525FCDD009E9F9F /* SwiftUIWeatherUITests */,
				44AA8B512525FCDC009E9F9F /* Products */,
			);
			sourceTree = "<group>";
		};
		44AA8B512525FCDC009E9F9F /* Products */ = {
			isa = PBXGroup;
			children = (
				44AA8B502525FCDC009E9F9F /* SwiftUIWeather.app */,
				44AA8B612525FCDD009E9F9F /* SwiftUIWeatherTests.xctest */,
				44AA8B6C2525FCDD009E9F9F /* SwiftUIWeatherUITests.xctest */,
			);
			name = Products;
			sourceTree = "<group>";
		};
		44AA8B522525FCDC009E9F9F /* SwiftUIWeather */ = {
			isa = PBXGroup;
			children = (
				44AA8B982526003E009E9F9F /* ViewModels */,
				44AA8B8F2525FE76009E9F9F /* Services */,
				44AA8B812525FDF8009E9F9F /* Models */,
				44AA8B532525FCDC009E9F9F /* SwiftUIWeatherApp.swift */,
				44AA8B552525FCDC009E9F9F /* ContentView.swift */,
				44AA8B572525FCDD009E9F9F /* Assets.xcassets */,
				44AA8B5C2525FCDD009E9F9F /* Info.plist */,
				44AA8B592525FCDD009E9F9F /* Preview Content */,
			);
			path = SwiftUIWeather;
			sourceTree = "<group>";
		};
		44AA8B592525FCDD009E9F9F /* Preview Content */ = {
			isa = PBXGroup;
			children = (
				44AA8B5A2525FCDD009E9F9F /* Preview Assets.xcassets */,
			);
			path = "Preview Content";
			sourceTree = "<group>";
		};
		44AA8B642525FCDD009E9F9F /* SwiftUIWeatherTests */ = {
			isa = PBXGroup;
			children = (
				44AA8B652525FCDD009E9F9F /* SwiftUIWeatherTests.swift */,
				44AA8B672525FCDD009E9F9F /* Info.plist */,
			);
			path = SwiftUIWeatherTests;
			sourceTree = "<group>";
		};
		44AA8B6F2525FCDD009E9F9F /* SwiftUIWeatherUITests */ = {
			isa = PBXGroup;
			children = (
				44AA8B702525FCDD009E9F9F /* SwiftUIWeatherUITests.swift */,
				44AA8B722525FCDD009E9F9F /* Info.plist */,
			);
			path = SwiftUIWeatherUITests;
			sourceTree = "<group>";
		};
		44AA8B812525FDF8009E9F9F /* Models */ = {
			isa = PBXGroup;
			children = (
				44AA8B822525FE0F009E9F9F /* Weather.swift */,
				44AA8B8A2525FE4D009E9F9F /* WeatherResponse.swift */,
			);
			path = Models;
			sourceTree = "<group>";
		};
		44AA8B8F2525FE76009E9F9F /* Services */ = {
			isa = PBXGroup;
			children = (
				44AA8B902525FE81009E9F9F /* WeatherService.swift */,
				44AA8BAA2526082F009E9F9F /* WebServiceConstants.swift */,
				44AA8BAF2526086D009E9F9F /* APIKeys.swift */,
			);
			path = Services;
			sourceTree = "<group>";
		};
		44AA8B982526003E009E9F9F /* ViewModels */ = {
			isa = PBXGroup;
			children = (
				44AA8B9925260066009E9F9F /* WeatherViewModel.swift */,
			);
			path = ViewModels;
			sourceTree = "<group>";
		};
/* End PBXGroup section */

/* Begin PBXNativeTarget section */
		44AA8B4F2525FCDC009E9F9F /* SwiftUIWeather */ = {
			isa = PBXNativeTarget;
			buildConfigurationList = 44AA8B752525FCDD009E9F9F /* Build configuration list for PBXNativeTarget "SwiftUIWeather" */;
			buildPhases = (
				44AA8B4C2525FCDC009E9F9F /* Sources */,
				44AA8B4D2525FCDC009E9F9F /* Frameworks */,
				44AA8B4E2525FCDC009E9F9F /* Resources */,
			);
			buildRules = (
			);
			dependencies = (
			);
			name = SwiftUIWeather;
			productName = SwiftUIWeather;
			productReference = 44AA8B502525FCDC009E9F9F /* SwiftUIWeather.app */;
			productType = "com.apple.product-type.application";
		};
		44AA8B602525FCDD009E9F9F /* SwiftUIWeatherTests */ = {
			isa = PBXNativeTarget;
			buildConfigurationList = 44AA8B782525FCDD009E9F9F /* Build configuration list for PBXNativeTarget "SwiftUIWeatherTests" */;
			buildPhases = (
				44AA8B5D2525FCDD009E9F9F /* Sources */,
				44AA8B5E2525FCDD009E9F9F /* Frameworks */,
				44AA8B5F2525FCDD009E9F9F /* Resources */,
			);
			buildRules = (
			);
			dependencies = (
				44AA8B632525FCDD009E9F9F /* PBXTargetDependency */,
			);
			name = SwiftUIWeatherTests;
			productName = SwiftUIWeatherTests;
			productReference = 44AA8B612525FCDD009E9F9F /* SwiftUIWeatherTests.xctest */;
			productType = "com.apple.product-type.bundle.unit-test";
		};
		44AA8B6B2525FCDD009E9F9F /* SwiftUIWeatherUITests */ = {
			isa = PBXNativeTarget;
			buildConfigurationList = 44AA8B7B2525FCDD009E9F9F /* Build configuration list for PBXNativeTarget "SwiftUIWeatherUITests" */;
			buildPhases = (
				44AA8B682525FCDD009E9F9F /* Sources */,
				44AA8B692525FCDD009E9F9F /* Frameworks */,
				44AA8B6A2525FCDD009E9F9F /* Resources */,
			);
			buildRules = (
			);
			dependencies = (
				44AA8B6E2525FCDD009E9F9F /* PBXTargetDependency */,
			);
			name = SwiftUIWeatherUITests;
			productName = SwiftUIWeatherUITests;
			productReference = 44AA8B6C2525FCDD009E9F9F /* SwiftUIWeatherUITests.xctest */;
			productType = "com.apple.product-type.bundle.ui-testing";
		};
/* End PBXNativeTarget section */

/* Begin PBXProject section */
		44AA8B482525FCDC009E9F9F /* Project object */ = {
			isa = PBXProject;
			attributes = {
				LastSwiftUpdateCheck = 1200;
				LastUpgradeCheck = 1200;
				TargetAttributes = {
					44AA8B4F2525FCDC009E9F9F = {
						CreatedOnToolsVersion = 12.0.1;
					};
					44AA8B602525FCDD009E9F9F = {
						CreatedOnToolsVersion = 12.0.1;
						TestTargetID = 44AA8B4F2525FCDC009E9F9F;
					};
					44AA8B6B2525FCDD009E9F9F = {
						CreatedOnToolsVersion = 12.0.1;
						TestTargetID = 44AA8B4F2525FCDC009E9F9F;
					};
				};
			};
			buildConfigurationList = 44AA8B4B2525FCDC009E9F9F /* Build configuration list for PBXProject "SwiftUIWeather" */;
			compatibilityVersion = "Xcode 9.3";
			developmentRegion = en;
			hasScannedForEncodings = 0;
			knownRegions = (
				en,
				Base,
			);
			mainGroup = 44AA8B472525FCDC009E9F9F;
			productRefGroup = 44AA8B512525FCDC009E9F9F /* Products */;
			projectDirPath = "";
			projectRoot = "";
			targets = (
				44AA8B4F2525FCDC009E9F9F /* SwiftUIWeather */,
				44AA8B602525FCDD009E9F9F /* SwiftUIWeatherTests */,
				44AA8B6B2525FCDD009E9F9F /* SwiftUIWeatherUITests */,
			);
		};
/* End PBXProject section */

/* Begin PBXResourcesBuildPhase section */
		44AA8B4E2525FCDC009E9F9F /* Resources */ = {
			isa = PBXResourcesBuildPhase;
			buildActionMask = 2147483647;
			files = (
				44AA8B5B2525FCDD009E9F9F /* Preview Assets.xcassets in Resources */,
				44AA8B582525FCDD009E9F9F /* Assets.xcassets in Resources */,
			);
			runOnlyForDeploymentPostprocessing = 0;
		};
		44AA8B5F2525FCDD009E9F9F /* Resources */ = {
			isa = PBXResourcesBuildPhase;
			buildActionMask = 2147483647;
			files = (
			);
			runOnlyForDeploymentPostprocessing = 0;
		};
		44AA8B6A2525FCDD009E9F9F /* Resources */ = {
			isa = PBXResourcesBuildPhase;
			buildActionMask = 2147483647;
			files = (
			);
			runOnlyForDeploymentPostprocessing = 0;
		};
/* End PBXResourcesBuildPhase section */

/* Begin PBXSourcesBuildPhase section */
		44AA8B4C2525FCDC009E9F9F /* Sources */ = {
			isa = PBXSourcesBuildPhase;
			buildActionMask = 2147483647;
			files = (
				44AA8B912525FE82009E9F9F /* WeatherService.swift in Sources */,
				44AA8B9A25260066009E9F9F /* WeatherViewModel.swift in Sources */,
				44AA8B562525FCDC009E9F9F /* ContentView.swift in Sources */,
				44AA8BAB2526082F009E9F9F /* WebServiceConstants.swift in Sources */,
				44AA8B832525FE0F009E9F9F /* Weather.swift in Sources */,
				44AA8B542525FCDC009E9F9F /* SwiftUIWeatherApp.swift in Sources */,
				44AA8BB02526086D009E9F9F /* APIKeys.swift in Sources */,
				44AA8B8B2525FE4D009E9F9F /* WeatherResponse.swift in Sources */,
			);
			runOnlyForDeploymentPostprocessing = 0;
		};
		44AA8B5D2525FCDD009E9F9F /* Sources */ = {
			isa = PBXSourcesBuildPhase;
			buildActionMask = 2147483647;
			files = (
				44AA8B662525FCDD009E9F9F /* SwiftUIWeatherTests.swift in Sources */,
			);
			runOnlyForDeploymentPostprocessing = 0;
		};
		44AA8B682525FCDD009E9F9F /* Sources */ = {
			isa = PBXSourcesBuildPhase;
			buildActionMask = 2147483647;
			files = (
				44AA8B712525FCDD009E9F9F /* SwiftUIWeatherUITests.swift in Sources */,
			);
			runOnlyForDeploymentPostprocessing = 0;
		};
/* End PBXSourcesBuildPhase section */

/* Begin PBXTargetDependency section */
		44AA8B632525FCDD009E9F9F /* PBXTargetDependency */ = {
			isa = PBXTargetDependency;
			target = 44AA8B4F2525FCDC009E9F9F /* SwiftUIWeather */;
			targetProxy = 44AA8B622525FCDD009E9F9F /* PBXContainerItemProxy */;
		};
		44AA8B6E2525FCDD009E9F9F /* PBXTargetDependency */ = {
			isa = PBXTargetDependency;
			target = 44AA8B4F2525FCDC009E9F9F /* SwiftUIWeather */;
			targetProxy = 44AA8B6D2525FCDD009E9F9F /* PBXContainerItemProxy */;
		};
/* End PBXTargetDependency section */

/* Begin XCBuildConfiguration section */
		44AA8B732525FCDD009E9F9F /* Debug */ = {
			isa = XCBuildConfiguration;
			buildSettings = {
				ALWAYS_SEARCH_USER_PATHS = NO;
				CLANG_ANALYZER_NONNULL = YES;
				CLANG_ANALYZER_NUMBER_OBJECT_CONVERSION = YES_AGGRESSIVE;
				CLANG_CXX_LANGUAGE_STANDARD = "gnu++14";
				CLANG_CXX_LIBRARY = "libc++";
				CLANG_ENABLE_MODULES = YES;
				CLANG_ENABLE_OBJC_ARC = YES;
				CLANG_ENABLE_OBJC_WEAK = YES;
				CLANG_WARN_BLOCK_CAPTURE_AUTORELEASING = YES;
				CLANG_WARN_BOOL_CONVERSION = YES;
				CLANG_WARN_COMMA = YES;
				CLANG_WARN_CONSTANT_CONVERSION = YES;
				CLANG_WARN_DEPRECATED_OBJC_IMPLEMENTATIONS = YES;
				CLANG_WARN_DIRECT_OBJC_ISA_USAGE = YES_ERROR;
				CLANG_WARN_DOCUMENTATION_COMMENTS = YES;
				CLANG_WARN_EMPTY_BODY = YES;
				CLANG_WARN_ENUM_CONVERSION = YES;
				CLANG_WARN_INFINITE_RECURSION = YES;
				CLANG_WARN_INT_CONVERSION = YES;
				CLANG_WARN_NON_LITERAL_NULL_CONVERSION = YES;
				CLANG_WARN_OBJC_IMPLICIT_RETAIN_SELF = YES;
				CLANG_WARN_OBJC_LITERAL_CONVERSION = YES;
				CLANG_WARN_OBJC_ROOT_CLASS = YES_ERROR;
				CLANG_WARN_QUOTED_INCLUDE_IN_FRAMEWORK_HEADER = YES;
				CLANG_WARN_RANGE_LOOP_ANALYSIS = YES;
				CLANG_WARN_STRICT_PROTOTYPES = YES;
				CLANG_WARN_SUSPICIOUS_MOVE = YES;
				CLANG_WARN_UNGUARDED_AVAILABILITY = YES_AGGRESSIVE;
				CLANG_WARN_UNREACHABLE_CODE = YES;
				CLANG_WARN__DUPLICATE_METHOD_MATCH = YES;
				COPY_PHASE_STRIP = NO;
				DEBUG_INFORMATION_FORMAT = dwarf;
				ENABLE_STRICT_OBJC_MSGSEND = YES;
				ENABLE_TESTABILITY = YES;
				GCC_C_LANGUAGE_STANDARD = gnu11;
				GCC_DYNAMIC_NO_PIC = NO;
				GCC_NO_COMMON_BLOCKS = YES;
				GCC_OPTIMIZATION_LEVEL = 0;
				GCC_PREPROCESSOR_DEFINITIONS = (
					"DEBUG=1",
					"$(inherited)",
				);
				GCC_WARN_64_TO_32_BIT_CONVERSION = YES;
				GCC_WARN_ABOUT_RETURN_TYPE = YES_ERROR;
				GCC_WARN_UNDECLARED_SELECTOR = YES;
				GCC_WARN_UNINITIALIZED_AUTOS = YES_AGGRESSIVE;
				GCC_WARN_UNUSED_FUNCTION = YES;
				GCC_WARN_UNUSED_VARIABLE = YES;
				IPHONEOS_DEPLOYMENT_TARGET = 14.0;
				MTL_ENABLE_DEBUG_INFO = INCLUDE_SOURCE;
				MTL_FAST_MATH = YES;
				ONLY_ACTIVE_ARCH = YES;
				SDKROOT = iphoneos;
				SWIFT_ACTIVE_COMPILATION_CONDITIONS = DEBUG;
				SWIFT_OPTIMIZATION_LEVEL = "-Onone";
			};
			name = Debug;
		};
		44AA8B742525FCDD009E9F9F /* Release */ = {
			isa = XCBuildConfiguration;
			buildSettings = {
				ALWAYS_SEARCH_USER_PATHS = NO;
				CLANG_ANALYZER_NONNULL = YES;
				CLANG_ANALYZER_NUMBER_OBJECT_CONVERSION = YES_AGGRESSIVE;
				CLANG_CXX_LANGUAGE_STANDARD = "gnu++14";
				CLANG_CXX_LIBRARY = "libc++";
				CLANG_ENABLE_MODULES = YES;
				CLANG_ENABLE_OBJC_ARC = YES;
				CLANG_ENABLE_OBJC_WEAK = YES;
				CLANG_WARN_BLOCK_CAPTURE_AUTORELEASING = YES;
				CLANG_WARN_BOOL_CONVERSION = YES;
				CLANG_WARN_COMMA = YES;
				CLANG_WARN_CONSTANT_CONVERSION = YES;
				CLANG_WARN_DEPRECATED_OBJC_IMPLEMENTATIONS = YES;
				CLANG_WARN_DIRECT_OBJC_ISA_USAGE = YES_ERROR;
				CLANG_WARN_DOCUMENTATION_COMMENTS = YES;
				CLANG_WARN_EMPTY_BODY = YES;
				CLANG_WARN_ENUM_CONVERSION = YES;
				CLANG_WARN_INFINITE_RECURSION = YES;
				CLANG_WARN_INT_CONVERSION = YES;
				CLANG_WARN_NON_LITERAL_NULL_CONVERSION = YES;
				CLANG_WARN_OBJC_IMPLICIT_RETAIN_SELF = YES;
				CLANG_WARN_OBJC_LITERAL_CONVERSION = YES;
				CLANG_WARN_OBJC_ROOT_CLASS = YES_ERROR;
				CLANG_WARN_QUOTED_INCLUDE_IN_FRAMEWORK_HEADER = YES;
				CLANG_WARN_RANGE_LOOP_ANALYSIS = YES;
				CLANG_WARN_STRICT_PROTOTYPES = YES;
				CLANG_WARN_SUSPICIOUS_MOVE = YES;
				CLANG_WARN_UNGUARDED_AVAILABILITY = YES_AGGRESSIVE;
				CLANG_WARN_UNREACHABLE_CODE = YES;
				CLANG_WARN__DUPLICATE_METHOD_MATCH = YES;
				COPY_PHASE_STRIP = NO;
				DEBUG_INFORMATION_FORMAT = "dwarf-with-dsym";
				ENABLE_NS_ASSERTIONS = NO;
				ENABLE_STRICT_OBJC_MSGSEND = YES;
				GCC_C_LANGUAGE_STANDARD = gnu11;
				GCC_NO_COMMON_BLOCKS = YES;
				GCC_WARN_64_TO_32_BIT_CONVERSION = YES;
				GCC_WARN_ABOUT_RETURN_TYPE = YES_ERROR;
				GCC_WARN_UNDECLARED_SELECTOR = YES;
				GCC_WARN_UNINITIALIZED_AUTOS = YES_AGGRESSIVE;
				GCC_WARN_UNUSED_FUNCTION = YES;
				GCC_WARN_UNUSED_VARIABLE = YES;
				IPHONEOS_DEPLOYMENT_TARGET = 14.0;
				MTL_ENABLE_DEBUG_INFO = NO;
				MTL_FAST_MATH = YES;
				SDKROOT = iphoneos;
				SWIFT_COMPILATION_MODE = wholemodule;
				SWIFT_OPTIMIZATION_LEVEL = "-O";
				VALIDATE_PRODUCT = YES;
			};
			name = Release;
		};
		44AA8B762525FCDD009E9F9F /* Debug */ = {
			isa = XCBuildConfiguration;
			buildSettings = {
				ASSETCATALOG_COMPILER_APPICON_NAME = AppIcon;
				ASSETCATALOG_COMPILER_GLOBAL_ACCENT_COLOR_NAME = AccentColor;
				CODE_SIGN_STYLE = Automatic;
				DEVELOPMENT_ASSET_PATHS = "\"SwiftUIWeather/Preview Content\"";
				DEVELOPMENT_TEAM = M2B89P3AT5;
				ENABLE_PREVIEWS = YES;
				INFOPLIST_FILE = SwiftUIWeather/Info.plist;
				IPHONEOS_DEPLOYMENT_TARGET = 14.0;
				LD_RUNPATH_SEARCH_PATHS = (
					"$(inherited)",
					"@executable_path/Frameworks",
				);
				PRODUCT_BUNDLE_IDENTIFIER = com.abhrp.SwiftUIWeather;
				PRODUCT_NAME = "$(TARGET_NAME)";
				SWIFT_VERSION = 5.0;
				TARGETED_DEVICE_FAMILY = "1,2";
			};
			name = Debug;
		};
		44AA8B772525FCDD009E9F9F /* Release */ = {
			isa = XCBuildConfiguration;
			buildSettings = {
				ASSETCATALOG_COMPILER_APPICON_NAME = AppIcon;
				ASSETCATALOG_COMPILER_GLOBAL_ACCENT_COLOR_NAME = AccentColor;
				CODE_SIGN_STYLE = Automatic;
				DEVELOPMENT_ASSET_PATHS = "\"SwiftUIWeather/Preview Content\"";
				DEVELOPMENT_TEAM = M2B89P3AT5;
				ENABLE_PREVIEWS = YES;
				INFOPLIST_FILE = SwiftUIWeather/Info.plist;
				IPHONEOS_DEPLOYMENT_TARGET = 14.0;
				LD_RUNPATH_SEARCH_PATHS = (
					"$(inherited)",
					"@executable_path/Frameworks",
				);
				PRODUCT_BUNDLE_IDENTIFIER = com.abhrp.SwiftUIWeather;
				PRODUCT_NAME = "$(TARGET_NAME)";
				SWIFT_VERSION = 5.0;
				TARGETED_DEVICE_FAMILY = "1,2";
			};
			name = Release;
		};
		44AA8B792525FCDD009E9F9F /* Debug */ = {
			isa = XCBuildConfiguration;
			buildSettings = {
				ALWAYS_EMBED_SWIFT_STANDARD_LIBRARIES = YES;
				BUNDLE_LOADER = "$(TEST_HOST)";
				CODE_SIGN_STYLE = Automatic;
				DEVELOPMENT_TEAM = M2B89P3AT5;
				INFOPLIST_FILE = SwiftUIWeatherTests/Info.plist;
				IPHONEOS_DEPLOYMENT_TARGET = 14.0;
				LD_RUNPATH_SEARCH_PATHS = (
					"$(inherited)",
					"@executable_path/Frameworks",
					"@loader_path/Frameworks",
				);
				PRODUCT_BUNDLE_IDENTIFIER = com.abhrp.SwiftUIWeatherTests;
				PRODUCT_NAME = "$(TARGET_NAME)";
				SWIFT_VERSION = 5.0;
				TARGETED_DEVICE_FAMILY = "1,2";
				TEST_HOST = "$(BUILT_PRODUCTS_DIR)/SwiftUIWeather.app/SwiftUIWeather";
			};
			name = Debug;
		};
		44AA8B7A2525FCDD009E9F9F /* Release */ = {
			isa = XCBuildConfiguration;
			buildSettings = {
				ALWAYS_EMBED_SWIFT_STANDARD_LIBRARIES = YES;
				BUNDLE_LOADER = "$(TEST_HOST)";
				CODE_SIGN_STYLE = Automatic;
				DEVELOPMENT_TEAM = M2B89P3AT5;
				INFOPLIST_FILE = SwiftUIWeatherTests/Info.plist;
				IPHONEOS_DEPLOYMENT_TARGET = 14.0;
				LD_RUNPATH_SEARCH_PATHS = (
					"$(inherited)",
					"@executable_path/Frameworks",
					"@loader_path/Frameworks",
				);
				PRODUCT_BUNDLE_IDENTIFIER = com.abhrp.SwiftUIWeatherTests;
				PRODUCT_NAME = "$(TARGET_NAME)";
				SWIFT_VERSION = 5.0;
				TARGETED_DEVICE_FAMILY = "1,2";
				TEST_HOST = "$(BUILT_PRODUCTS_DIR)/SwiftUIWeather.app/SwiftUIWeather";
			};
			name = Release;
		};
		44AA8B7C2525FCDD009E9F9F /* Debug */ = {
			isa = XCBuildConfiguration;
			buildSettings = {
				ALWAYS_EMBED_SWIFT_STANDARD_LIBRARIES = YES;
				CODE_SIGN_STYLE = Automatic;
				DEVELOPMENT_TEAM = M2B89P3AT5;
				INFOPLIST_FILE = SwiftUIWeatherUITests/Info.plist;
				LD_RUNPATH_SEARCH_PATHS = (
					"$(inherited)",
					"@executable_path/Frameworks",
					"@loader_path/Frameworks",
				);
				PRODUCT_BUNDLE_IDENTIFIER = com.abhrp.SwiftUIWeatherUITests;
				PRODUCT_NAME = "$(TARGET_NAME)";
				SWIFT_VERSION = 5.0;
				TARGETED_DEVICE_FAMILY = "1,2";
				TEST_TARGET_NAME = SwiftUIWeather;
			};
			name = Debug;
		};
		44AA8B7D2525FCDD009E9F9F /* Release */ = {
			isa = XCBuildConfiguration;
			buildSettings = {
				ALWAYS_EMBED_SWIFT_STANDARD_LIBRARIES = YES;
				CODE_SIGN_STYLE = Automatic;
				DEVELOPMENT_TEAM = M2B89P3AT5;
				INFOPLIST_FILE = SwiftUIWeatherUITests/Info.plist;
				LD_RUNPATH_SEARCH_PATHS = (
					"$(inherited)",
					"@executable_path/Frameworks",
					"@loader_path/Frameworks",
				);
				PRODUCT_BUNDLE_IDENTIFIER = com.abhrp.SwiftUIWeatherUITests;
				PRODUCT_NAME = "$(TARGET_NAME)";
				SWIFT_VERSION = 5.0;
				TARGETED_DEVICE_FAMILY = "1,2";
				TEST_TARGET_NAME = SwiftUIWeather;
			};
			name = Release;
		};
/* End XCBuildConfiguration section */

/* Begin XCConfigurationList section */
		44AA8B4B2525FCDC009E9F9F /* Build configuration list for PBXProject "SwiftUIWeather" */ = {
			isa = XCConfigurationList;
			buildConfigurations = (
				44AA8B732525FCDD009E9F9F /* Debug */,
				44AA8B742525FCDD009E9F9F /* Release */,
			);
			defaultConfigurationIsVisible = 0;
			defaultConfigurationName = Release;
		};
		44AA8B752525FCDD009E9F9F /* Build configuration list for PBXNativeTarget "SwiftUIWeather" */ = {
			isa = XCConfigurationList;
			buildConfigurations = (
				44AA8B762525FCDD009E9F9F /* Debug */,
				44AA8B772525FCDD009E9F9F /* Release */,
			);
			defaultConfigurationIsVisible = 0;
			defaultConfigurationName = Release;
		};
		44AA8B782525FCDD009E9F9F /* Build configuration list for PBXNativeTarget "SwiftUIWeatherTests" */ = {
			isa = XCConfigurationList;
			buildConfigurations = (
				44AA8B792525FCDD009E9F9F /* Debug */,
				44AA8B7A2525FCDD009E9F9F /* Release */,
			);
			defaultConfigurationIsVisible = 0;
			defaultConfigurationName = Release;
		};
		44AA8B7B2525FCDD009E9F9F /* Build configuration list for PBXNativeTarget "SwiftUIWeatherUITests" */ = {
			isa = XCConfigurationList;
			buildConfigurations = (
				44AA8B7C2525FCDD009E9F9F /* Debug */,
				44AA8B7D2525FCDD009E9F9F /* Release */,
			);
			defaultConfigurationIsVisible = 0;
			defaultConfigurationName = Release;
		};
/* End XCConfigurationList section */
	};
	rootObject = 44AA8B482525FCDC009E9F9F /* Project object */;
}
